github.com/mackerelio/go-osstat v0.2.7 h1:TCavZi10wF49bT6iQZ9eT2keGZQpC69MTDfdJej5e94=
github.com/mackerelio/go-osstat v0.2.7/go.mod h1:dwpYh5pIPmvk+IEwBKNIWRFMB92mrC08CmXOhDC7nQk=
golang.org/x/sys v0.42.0 h1:omrd2nAlyT5ESRdCLYdm3+fMfNFE/+Rf4bDIQImRJeo=
golang.org/x/sys v0.42.0/go.mod h1:4GL1E5IUh+htKOUEOaiffhrAeqysfVGipDYzABqnCmw=
